
Microsoft Visual Studio Solution File, Format Version 12.00
# Visual Studio 2017
Project("{FAE04EC0-301F-11D3-BF4B-00C04F79EFBC}") = "Pathfinder Genesis", "Pathfinder Genesis.csproj", "{7770F267-2BA5-E464-E1FF-E05E83E8B724}"
EndProject
Project("{FAE04EC0-301F-11D3-BF4B-00C04F79EFBC}") = "Pathfinder Genesis.Plugins", "Pathfinder Genesis.Plugins.csproj", "{A7BD093E-BF29-763B-FC9A-4D5962C319E8}"
EndProject
Project("{FAE04EC0-301F-11D3-BF4B-00C04F79EFBC}") = "Pathfinder Genesis.Editor.Plugins", "Pathfinder Genesis.Editor.Plugins.csproj", "{6C36FAB3-1FC1-2B6F-5676-6218E70709E6}"
EndProject
Global
	GlobalSection(SolutionConfigurationPlatforms) = preSolution
		Debug|Any CPU = Debug|Any CPU
		Release|Any CPU = Release|Any CPU
	EndGlobalSection
	GlobalSection(ProjectConfigurationPlatforms) = postSolution
		{7770F267-2BA5-E464-E1FF-E05E83E8B724}.Debug|Any CPU.ActiveCfg = Debug|Any CPU
		{7770F267-2BA5-E464-E1FF-E05E83E8B724}.Debug|Any CPU.Build.0 = Debug|Any CPU
		{7770F267-2BA5-E464-E1FF-E05E83E8B724}.Release|Any CPU.ActiveCfg = Release|Any CPU
		{7770F267-2BA5-E464-E1FF-E05E83E8B724}.Release|Any CPU.Build.0 = Release|Any CPU
		{A7BD093E-BF29-763B-FC9A-4D5962C319E8}.Debug|Any CPU.ActiveCfg = Debug|Any CPU
		{A7BD093E-BF29-763B-FC9A-4D5962C319E8}.Debug|Any CPU.Build.0 = Debug|Any CPU
		{A7BD093E-BF29-763B-FC9A-4D5962C319E8}.Release|Any CPU.ActiveCfg = Release|Any CPU
		{A7BD093E-BF29-763B-FC9A-4D5962C319E8}.Release|Any CPU.Build.0 = Release|Any CPU
		{6C36FAB3-1FC1-2B6F-5676-6218E70709E6}.Debug|Any CPU.ActiveCfg = Debug|Any CPU
		{6C36FAB3-1FC1-2B6F-5676-6218E70709E6}.Debug|Any CPU.Build.0 = Debug|Any CPU
		{6C36FAB3-1FC1-2B6F-5676-6218E70709E6}.Release|Any CPU.ActiveCfg = Release|Any CPU
		{6C36FAB3-1FC1-2B6F-5676-6218E70709E6}.Release|Any CPU.Build.0 = Release|Any CPU
	EndGlobalSection
	GlobalSection(SolutionProperties) = preSolution
		HideSolutionNode = FALSE
	EndGlobalSection
EndGlobal
