
Microsoft Visual Studio Solution File, Format Version 12.00
# Visual Studio 2017
Project("{FAE04EC0-301F-11D3-BF4B-00C04F79EFBC}") = "Ziggurat", "Ziggurat.csproj", "{C7470EA4-C769-A97C-6B88-5779E8197301}"
EndProject
Project("{FAE04EC0-301F-11D3-BF4B-00C04F79EFBC}") = "Ziggurat.Plugins", "Ziggurat.Plugins.csproj", "{5DB933E8-C5BB-93D6-CF2E-ADCD19278C6C}"
EndProject
Project("{FAE04EC0-301F-11D3-BF4B-00C04F79EFBC}") = "Ziggurat.Editor.Plugins", "Ziggurat.Editor.Plugins.csproj", "{40B8D679-B825-D41B-84E8-9614FC3F977D}"
EndProject
Global
	GlobalSection(SolutionConfigurationPlatforms) = preSolution
		Debug|Any CPU = Debug|Any CPU
		Release|Any CPU = Release|Any CPU
	EndGlobalSection
	GlobalSection(ProjectConfigurationPlatforms) = postSolution
		{C7470EA4-C769-A97C-6B88-5779E8197301}.Debug|Any CPU.ActiveCfg = Debug|Any CPU
		{C7470EA4-C769-A97C-6B88-5779E8197301}.Debug|Any CPU.Build.0 = Debug|Any CPU
		{C7470EA4-C769-A97C-6B88-5779E8197301}.Release|Any CPU.ActiveCfg = Release|Any CPU
		{C7470EA4-C769-A97C-6B88-5779E8197301}.Release|Any CPU.Build.0 = Release|Any CPU
		{5DB933E8-C5BB-93D6-CF2E-ADCD19278C6C}.Debug|Any CPU.ActiveCfg = Debug|Any CPU
		{5DB933E8-C5BB-93D6-CF2E-ADCD19278C6C}.Debug|Any CPU.Build.0 = Debug|Any CPU
		{5DB933E8-C5BB-93D6-CF2E-ADCD19278C6C}.Release|Any CPU.ActiveCfg = Release|Any CPU
		{5DB933E8-C5BB-93D6-CF2E-ADCD19278C6C}.Release|Any CPU.Build.0 = Release|Any CPU
		{40B8D679-B825-D41B-84E8-9614FC3F977D}.Debug|Any CPU.ActiveCfg = Debug|Any CPU
		{40B8D679-B825-D41B-84E8-9614FC3F977D}.Debug|Any CPU.Build.0 = Debug|Any CPU
		{40B8D679-B825-D41B-84E8-9614FC3F977D}.Release|Any CPU.ActiveCfg = Release|Any CPU
		{40B8D679-B825-D41B-84E8-9614FC3F977D}.Release|Any CPU.Build.0 = Release|Any CPU
	EndGlobalSection
	GlobalSection(SolutionProperties) = preSolution
		HideSolutionNode = FALSE
	EndGlobalSection
EndGlobal
